
Microsoft Visual Studio Solution File, Format Version 12.00
# Visual Studio 15
VisualStudioVersion = 15.0.28307.572
MinimumVisualStudioVersion = 10.0.40219.1
Project("{FAE04EC0-301F-11D3-BF4B-00C04F79EFBC}") = "GettingStarted_Sample", "GettingStarted_Sample\GettingStarted_Sample.csproj", "{4361B2DB-F757-4C32-BED2-D6B7F564D872}"
EndProject
Global
	GlobalSection(SolutionConfigurationPlatforms) = preSolution
		Debug|ARM = Debug|ARM
		Debug|ARM64 = Debug|ARM64
		Debug|x64 = Debug|x64
		Debug|x86 = Debug|x86
		Release|ARM = Release|ARM
		Release|ARM64 = Release|ARM64
		Release|x64 = Release|x64
		Release|x86 = Release|x86
	EndGlobalSection
	GlobalSection(ProjectConfigurationPlatforms) = postSolution
		{4361B2DB-F757-4C32-BED2-D6B7F564D872}.Debug|ARM.ActiveCfg = Debug|ARM
		{4361B2DB-F757-4C32-BED2-D6B7F564D872}.Debug|ARM.Build.0 = Debug|ARM
		{4361B2DB-F757-4C32-BED2-D6B7F564D872}.Debug|ARM.Deploy.0 = Debug|ARM
		{4361B2DB-F757-4C32-BED2-D6B7F564D872}.Debug|ARM64.ActiveCfg = Debug|ARM64
		{4361B2DB-F757-4C32-BED2-D6B7F564D872}.Debug|ARM64.Build.0 = Debug|ARM64
		{4361B2DB-F757-4C32-BED2-D6B7F564D872}.Debug|ARM64.Deploy.0 = Debug|ARM64
		{4361B2DB-F757-4C32-BED2-D6B7F564D872}.Debug|x64.ActiveCfg = Debug|x64
		{4361B2DB-F757-4C32-BED2-D6B7F564D872}.Debug|x64.Build.0 = Debug|x64
		{4361B2DB-F757-4C32-BED2-D6B7F564D872}.Debug|x64.Deploy.0 = Debug|x64
		{4361B2DB-F757-4C32-BED2-D6B7F564D872}.Debug|x86.ActiveCfg = Debug|x86
		{4361B2DB-F757-4C32-BED2-D6B7F564D872}.Debug|x86.Build.0 = Debug|x86
		{4361B2DB-F757-4C32-BED2-D6B7F564D872}.Debug|x86.Deploy.0 = Debug|x86
		{4361B2DB-F757-4C32-BED2-D6B7F564D872}.Release|ARM.ActiveCfg = Release|ARM
		{4361B2DB-F757-4C32-BED2-D6B7F564D872}.Release|ARM.Build.0 = Release|ARM
		{4361B2DB-F757-4C32-BED2-D6B7F564D872}.Release|ARM.Deploy.0 = Release|ARM
		{4361B2DB-F757-4C32-BED2-D6B7F564D872}.Release|ARM64.ActiveCfg = Release|ARM64
		{4361B2DB-F757-4C32-BED2-D6B7F564D872}.Release|ARM64.Build.0 = Release|ARM64
		{4361B2DB-F757-4C32-BED2-D6B7F564D872}.Release|ARM64.Deploy.0 = Release|ARM64
		{4361B2DB-F757-4C32-BED2-D6B7F564D872}.Release|x64.ActiveCfg = Release|x64
		{4361B2DB-F757-4C32-BED2-D6B7F564D872}.Release|x64.Build.0 = Release|x64
		{4361B2DB-F757-4C32-BED2-D6B7F564D872}.Release|x64.Deploy.0 = Release|x64
		{4361B2DB-F757-4C32-BED2-D6B7F564D872}.Release|x86.ActiveCfg = Release|x86
		{4361B2DB-F757-4C32-BED2-D6B7F564D872}.Release|x86.Build.0 = Release|x86
		{4361B2DB-F757-4C32-BED2-D6B7F564D872}.Release|x86.Deploy.0 = Release|x86
	EndGlobalSection
	GlobalSection(SolutionProperties) = preSolution
		HideSolutionNode = FALSE
	EndGlobalSection
	GlobalSection(ExtensibilityGlobals) = postSolution
		SolutionGuid = {AB6F208E-C843-4503-8489-44436C1B4BC2}
	EndGlobalSection
EndGlobal
